
Microsoft Visual Studio Solution File, Format Version 10.00
# Visual Studio 2008
Project("{8BC9CEB8-8B4A-11D0-8D11-00A0C91BC942}") = "cyr", "cyr.vcproj", "{49AAE83E-E290-4ECF-BBD3-9882CFFF2B7A}"
EndProject
Project("{8BC9CEB8-8B4A-11D0-8D11-00A0C91BC942}") = "cyr64", "cyr64.vcproj", "{49A45154-9747-40EA-84CB-7DA65B3FA887}"
EndProject
Global
	GlobalSection(SolutionConfigurationPlatforms) = preSolution
		Debug|Win32 = Debug|Win32
		Release|Win32 = Release|Win32
	EndGlobalSection
	GlobalSection(ProjectConfigurationPlatforms) = postSolution
		{49AAE83E-E290-4ECF-BBD3-9882CFFF2B7A}.Debug|Win32.ActiveCfg = Debug|Win32
		{49AAE83E-E290-4ECF-BBD3-9882CFFF2B7A}.Debug|Win32.Build.0 = Debug|Win32
		{49AAE83E-E290-4ECF-BBD3-9882CFFF2B7A}.Release|Win32.ActiveCfg = Release|Win32
		{49AAE83E-E290-4ECF-BBD3-9882CFFF2B7A}.Release|Win32.Build.0 = Release|Win32
		{49A45154-9747-40EA-84CB-7DA65B3FA887}.Debug|Win32.ActiveCfg = Debug|Win32
		{49A45154-9747-40EA-84CB-7DA65B3FA887}.Debug|Win32.Build.0 = Debug|Win32
		{49A45154-9747-40EA-84CB-7DA65B3FA887}.Release|Win32.ActiveCfg = Release|Win32
		{49A45154-9747-40EA-84CB-7DA65B3FA887}.Release|Win32.Build.0 = Release|Win32
	EndGlobalSection
	GlobalSection(SolutionProperties) = preSolution
		HideSolutionNode = FALSE
	EndGlobalSection
EndGlobal
